
Microsoft Visual Studio Solution File, Format Version 12.00
# Visual Studio 15
VisualStudioVersion = 15.0.27703.2035
MinimumVisualStudioVersion = 10.0.40219.1
Project("{FAE04EC0-301F-11D3-BF4B-00C04F79EFBC}") = "HG-CT-TechTest", "HG-CT-TechTest\HG-CT-TechTest.csproj", "{918D2BB4-64B2-493D-BAB8-4DC3B920F598}"
EndProject
Project("{FAE04EC0-301F-11D3-BF4B-00C04F79EFBC}") = "HG-CT-TechTest.Tests", "HG-CT-TechTest.Tests\HG-CT-TechTest.Tests.csproj", "{727C670A-E65B-4A17-9A7B-24778D49340C}"
	ProjectSection(ProjectDependencies) = postProject
		{918D2BB4-64B2-493D-BAB8-4DC3B920F598} = {918D2BB4-64B2-493D-BAB8-4DC3B920F598}
	EndProjectSection
EndProject
Global
	GlobalSection(SolutionConfigurationPlatforms) = preSolution
		Debug|Any CPU = Debug|Any CPU
		Release|Any CPU = Release|Any CPU
	EndGlobalSection
	GlobalSection(ProjectConfigurationPlatforms) = postSolution
		{918D2BB4-64B2-493D-BAB8-4DC3B920F598}.Debug|Any CPU.ActiveCfg = Debug|Any CPU
		{918D2BB4-64B2-493D-BAB8-4DC3B920F598}.Debug|Any CPU.Build.0 = Debug|Any CPU
		{918D2BB4-64B2-493D-BAB8-4DC3B920F598}.Release|Any CPU.ActiveCfg = Release|Any CPU
		{918D2BB4-64B2-493D-BAB8-4DC3B920F598}.Release|Any CPU.Build.0 = Release|Any CPU
		{727C670A-E65B-4A17-9A7B-24778D49340C}.Debug|Any CPU.ActiveCfg = Debug|Any CPU
		{727C670A-E65B-4A17-9A7B-24778D49340C}.Debug|Any CPU.Build.0 = Debug|Any CPU
		{727C670A-E65B-4A17-9A7B-24778D49340C}.Release|Any CPU.ActiveCfg = Release|Any CPU
		{727C670A-E65B-4A17-9A7B-24778D49340C}.Release|Any CPU.Build.0 = Release|Any CPU
	EndGlobalSection
	GlobalSection(SolutionProperties) = preSolution
		HideSolutionNode = FALSE
	EndGlobalSection
	GlobalSection(ExtensibilityGlobals) = postSolution
		SolutionGuid = {2912ED33-A6FC-43C4-BBE1-6A94B0F83464}
	EndGlobalSection
EndGlobal
